
Microsoft Visual Studio Solution File, Format Version 12.00
# Visual Studio Version 16
VisualStudioVersion = 16.0.29519.87
MinimumVisualStudioVersion = 10.0.40219.1
Project("{FAE04EC0-301F-11D3-BF4B-00C04F79EFBC}") = "Snake", "Snake.csproj", "{CFA42489-B553-42BF-A17F-DE1233A0B0B2}"
EndProject
Global
	GlobalSection(SolutionConfigurationPlatforms) = preSolution
		Debug|Any CPU = Debug|Any CPU
		Release|Any CPU = Release|Any CPU
	EndGlobalSection
	GlobalSection(ProjectConfigurationPlatforms) = postSolution
		{CFA42489-B553-42BF-A17F-DE1233A0B0B2}.Debug|Any CPU.ActiveCfg = Debug|Any CPU
		{CFA42489-B553-42BF-A17F-DE1233A0B0B2}.Debug|Any CPU.Build.0 = Debug|Any CPU
		{CFA42489-B553-42BF-A17F-DE1233A0B0B2}.Release|Any CPU.ActiveCfg = Release|Any CPU
		{CFA42489-B553-42BF-A17F-DE1233A0B0B2}.Release|Any CPU.Build.0 = Release|Any CPU
	EndGlobalSection
	GlobalSection(SolutionProperties) = preSolution
		HideSolutionNode = FALSE
	EndGlobalSection
	GlobalSection(ExtensibilityGlobals) = postSolution
		SolutionGuid = {1E740802-0ACC-412A-8DF9-1CF616FCD8F1}
	EndGlobalSection
EndGlobal
